
Microsoft Visual Studio Solution File, Format Version 12.00
# Visual Studio 15
VisualStudioVersion = 15.0.27004.2006
MinimumVisualStudioVersion = 10.0.40219.1
Project("{2150E333-8FDC-42A3-9474-1A3956D46DE8}") = "src", "src", "{5BF2F858-926D-4A23-B32F-36B052A719CF}"
EndProject
Project("{2150E333-8FDC-42A3-9474-1A3956D46DE8}") = "Solution Items", "Solution Items", "{F37D71E1-DD5A-4504-93E0-C2133ECE5CC1}"
EndProject
Project("{2150E333-8FDC-42A3-9474-1A3956D46DE8}") = "test", "test", "{824BE2F6-887E-49A0-B1DF-30AE1FE8AEB4}"
EndProject
Project("{9A19103F-16F7-4668-BE54-9A1E7A4F7556}") = "Mediator.Net", "src\Mediator.Net\Mediator.Net.csproj", "{CEC12AF5-D444-4B6F-8129-6041A0D1F9C1}"
EndProject
Project("{9A19103F-16F7-4668-BE54-9A1E7A4F7556}") = "Mediator.Net.Test", "src\Mediator.Net.Test\Mediator.Net.Test.csproj", "{C38D89FD-CDA2-4FEC-95E4-2476E8027818}"
EndProject
Project("{9A19103F-16F7-4668-BE54-9A1E7A4F7556}") = "Mediator.Net.Autofac", "src\Mediator.Net.Autofac\Mediator.Net.Autofac.csproj", "{838C1537-081C-4B3C-B5A6-5222174AD8B0}"
EndProject
Project("{9A19103F-16F7-4668-BE54-9A1E7A4F7556}") = "Mediator.Net.IoCTestUtil", "src\Mediator.Net.IoCTestUtil\Mediator.Net.IoCTestUtil.csproj", "{C7EF3B6D-310B-4EF7-B2E7-97CB5141AD29}"
EndProject
Project("{9A19103F-16F7-4668-BE54-9A1E7A4F7556}") = "Mediator.Net.StructureMap", "src\Mediator.Net.StructureMap\Mediator.Net.StructureMap.csproj", "{5FCBEC1E-28BE-40E2-90F3-061D34082A55}"
EndProject
Project("{9A19103F-16F7-4668-BE54-9A1E7A4F7556}") = "Mediator.Net.StructureMap.Test", "src\Mediator.Net.StructureMap.Test\Mediator.Net.StructureMap.Test.csproj", "{73F653AD-EF77-40CA-BF6B-DA9B867FA208}"
EndProject
Project("{9A19103F-16F7-4668-BE54-9A1E7A4F7556}") = "Mediator.Net.Middlewares.Serilog", "src\Mediator.Net.Middlewares.Serilog\Mediator.Net.Middlewares.Serilog.csproj", "{14420311-76AF-46D9-87CA-53DB8C30AC80}"
EndProject
Project("{9A19103F-16F7-4668-BE54-9A1E7A4F7556}") = "Mediator.Net.Ninject", "src\Mediator.Net.Ninject\Mediator.Net.Ninject.csproj", "{D7F048FA-8502-4E32-BE3F-444722617830}"
EndProject
Project("{9A19103F-16F7-4668-BE54-9A1E7A4F7556}") = "Mediator.Net.SimpleInjector", "src\Mediator.Net.SimpleInjector\Mediator.Net.SimpleInjector.csproj", "{45E0682E-11D3-438C-9F53-9F89C8AF8300}"
EndProject
Project("{9A19103F-16F7-4668-BE54-9A1E7A4F7556}") = "Mediator.Net.SimpleInjector.Test", "src\Mediator.Net.SimpleInjector.Test\Mediator.Net.SimpleInjector.Test.csproj", "{84FC4E95-8E26-4C2C-BCE2-26AA6FAFB164}"
EndProject
Project("{9A19103F-16F7-4668-BE54-9A1E7A4F7556}") = "Mediator.Net.Autofac.Test", "src\Mediator.Net.Autofac.Test\Mediator.Net.Autofac.Test.csproj", "{50F6692A-B86A-4E1E-B045-8D201C87F8B3}"
EndProject
Global
	GlobalSection(SolutionConfigurationPlatforms) = preSolution
		Debug|Any CPU = Debug|Any CPU
		Release|Any CPU = Release|Any CPU
	EndGlobalSection
	GlobalSection(ProjectConfigurationPlatforms) = postSolution
		{CEC12AF5-D444-4B6F-8129-6041A0D1F9C1}.Debug|Any CPU.ActiveCfg = Debug|Any CPU
		{CEC12AF5-D444-4B6F-8129-6041A0D1F9C1}.Debug|Any CPU.Build.0 = Debug|Any CPU
		{CEC12AF5-D444-4B6F-8129-6041A0D1F9C1}.Release|Any CPU.ActiveCfg = Release|Any CPU
		{CEC12AF5-D444-4B6F-8129-6041A0D1F9C1}.Release|Any CPU.Build.0 = Release|Any CPU
		{C38D89FD-CDA2-4FEC-95E4-2476E8027818}.Debug|Any CPU.ActiveCfg = Debug|Any CPU
		{C38D89FD-CDA2-4FEC-95E4-2476E8027818}.Debug|Any CPU.Build.0 = Debug|Any CPU
		{C38D89FD-CDA2-4FEC-95E4-2476E8027818}.Release|Any CPU.ActiveCfg = Release|Any CPU
		{C38D89FD-CDA2-4FEC-95E4-2476E8027818}.Release|Any CPU.Build.0 = Release|Any CPU
		{838C1537-081C-4B3C-B5A6-5222174AD8B0}.Debug|Any CPU.ActiveCfg = Debug|Any CPU
		{838C1537-081C-4B3C-B5A6-5222174AD8B0}.Debug|Any CPU.Build.0 = Debug|Any CPU
		{838C1537-081C-4B3C-B5A6-5222174AD8B0}.Release|Any CPU.ActiveCfg = Release|Any CPU
		{838C1537-081C-4B3C-B5A6-5222174AD8B0}.Release|Any CPU.Build.0 = Release|Any CPU
		{C7EF3B6D-310B-4EF7-B2E7-97CB5141AD29}.Debug|Any CPU.ActiveCfg = Debug|Any CPU
		{C7EF3B6D-310B-4EF7-B2E7-97CB5141AD29}.Debug|Any CPU.Build.0 = Debug|Any CPU
		{C7EF3B6D-310B-4EF7-B2E7-97CB5141AD29}.Release|Any CPU.ActiveCfg = Release|Any CPU
		{C7EF3B6D-310B-4EF7-B2E7-97CB5141AD29}.Release|Any CPU.Build.0 = Release|Any CPU
		{5FCBEC1E-28BE-40E2-90F3-061D34082A55}.Debug|Any CPU.ActiveCfg = Debug|Any CPU
		{5FCBEC1E-28BE-40E2-90F3-061D34082A55}.Debug|Any CPU.Build.0 = Debug|Any CPU
		{5FCBEC1E-28BE-40E2-90F3-061D34082A55}.Release|Any CPU.ActiveCfg = Release|Any CPU
		{5FCBEC1E-28BE-40E2-90F3-061D34082A55}.Release|Any CPU.Build.0 = Release|Any CPU
		{73F653AD-EF77-40CA-BF6B-DA9B867FA208}.Debug|Any CPU.ActiveCfg = Debug|Any CPU
		{73F653AD-EF77-40CA-BF6B-DA9B867FA208}.Debug|Any CPU.Build.0 = Debug|Any CPU
		{73F653AD-EF77-40CA-BF6B-DA9B867FA208}.Release|Any CPU.ActiveCfg = Release|Any CPU
		{73F653AD-EF77-40CA-BF6B-DA9B867FA208}.Release|Any CPU.Build.0 = Release|Any CPU
		{14420311-76AF-46D9-87CA-53DB8C30AC80}.Debug|Any CPU.ActiveCfg = Debug|Any CPU
		{14420311-76AF-46D9-87CA-53DB8C30AC80}.Debug|Any CPU.Build.0 = Debug|Any CPU
		{14420311-76AF-46D9-87CA-53DB8C30AC80}.Release|Any CPU.ActiveCfg = Release|Any CPU
		{14420311-76AF-46D9-87CA-53DB8C30AC80}.Release|Any CPU.Build.0 = Release|Any CPU
		{D7F048FA-8502-4E32-BE3F-444722617830}.Debug|Any CPU.ActiveCfg = Debug|Any CPU
		{D7F048FA-8502-4E32-BE3F-444722617830}.Debug|Any CPU.Build.0 = Debug|Any CPU
		{D7F048FA-8502-4E32-BE3F-444722617830}.Release|Any CPU.ActiveCfg = Release|Any CPU
		{D7F048FA-8502-4E32-BE3F-444722617830}.Release|Any CPU.Build.0 = Release|Any CPU
		{45E0682E-11D3-438C-9F53-9F89C8AF8300}.Debug|Any CPU.ActiveCfg = Debug|Any CPU
		{45E0682E-11D3-438C-9F53-9F89C8AF8300}.Debug|Any CPU.Build.0 = Debug|Any CPU
		{45E0682E-11D3-438C-9F53-9F89C8AF8300}.Release|Any CPU.ActiveCfg = Release|Any CPU
		{45E0682E-11D3-438C-9F53-9F89C8AF8300}.Release|Any CPU.Build.0 = Release|Any CPU
		{84FC4E95-8E26-4C2C-BCE2-26AA6FAFB164}.Debug|Any CPU.ActiveCfg = Debug|Any CPU
		{84FC4E95-8E26-4C2C-BCE2-26AA6FAFB164}.Debug|Any CPU.Build.0 = Debug|Any CPU
		{84FC4E95-8E26-4C2C-BCE2-26AA6FAFB164}.Release|Any CPU.ActiveCfg = Release|Any CPU
		{84FC4E95-8E26-4C2C-BCE2-26AA6FAFB164}.Release|Any CPU.Build.0 = Release|Any CPU
		{50F6692A-B86A-4E1E-B045-8D201C87F8B3}.Debug|Any CPU.ActiveCfg = Debug|Any CPU
		{50F6692A-B86A-4E1E-B045-8D201C87F8B3}.Debug|Any CPU.Build.0 = Debug|Any CPU
		{50F6692A-B86A-4E1E-B045-8D201C87F8B3}.Release|Any CPU.ActiveCfg = Release|Any CPU
		{50F6692A-B86A-4E1E-B045-8D201C87F8B3}.Release|Any CPU.Build.0 = Release|Any CPU
	EndGlobalSection
	GlobalSection(SolutionProperties) = preSolution
		HideSolutionNode = FALSE
	EndGlobalSection
	GlobalSection(NestedProjects) = preSolution
		{CEC12AF5-D444-4B6F-8129-6041A0D1F9C1} = {5BF2F858-926D-4A23-B32F-36B052A719CF}
		{C38D89FD-CDA2-4FEC-95E4-2476E8027818} = {824BE2F6-887E-49A0-B1DF-30AE1FE8AEB4}
		{838C1537-081C-4B3C-B5A6-5222174AD8B0} = {5BF2F858-926D-4A23-B32F-36B052A719CF}
		{C7EF3B6D-310B-4EF7-B2E7-97CB5141AD29} = {824BE2F6-887E-49A0-B1DF-30AE1FE8AEB4}
		{5FCBEC1E-28BE-40E2-90F3-061D34082A55} = {5BF2F858-926D-4A23-B32F-36B052A719CF}
		{73F653AD-EF77-40CA-BF6B-DA9B867FA208} = {824BE2F6-887E-49A0-B1DF-30AE1FE8AEB4}
		{14420311-76AF-46D9-87CA-53DB8C30AC80} = {5BF2F858-926D-4A23-B32F-36B052A719CF}
		{D7F048FA-8502-4E32-BE3F-444722617830} = {5BF2F858-926D-4A23-B32F-36B052A719CF}
		{45E0682E-11D3-438C-9F53-9F89C8AF8300} = {5BF2F858-926D-4A23-B32F-36B052A719CF}
		{84FC4E95-8E26-4C2C-BCE2-26AA6FAFB164} = {824BE2F6-887E-49A0-B1DF-30AE1FE8AEB4}
		{50F6692A-B86A-4E1E-B045-8D201C87F8B3} = {824BE2F6-887E-49A0-B1DF-30AE1FE8AEB4}
	EndGlobalSection
	GlobalSection(ExtensibilityGlobals) = postSolution
		SolutionGuid = {37303A31-8700-44C6-836F-89D473BADA7E}
	EndGlobalSection
EndGlobal
