
Microsoft Visual Studio Solution File, Format Version 12.00
# Visual Studio 14
VisualStudioVersion = 14.0.25420.1
MinimumVisualStudioVersion = 10.0.40219.1
Project("{FAE04EC0-301F-11D3-BF4B-00C04F79EFBC}") = "Mediator.Net", "src\Mediator.Net\Mediator.Net.csproj", "{86EE3C98-8FC5-42CA-B13D-A18E6A5FC30B}"
EndProject
Project("{FAE04EC0-301F-11D3-BF4B-00C04F79EFBC}") = "Mediator.Net.Test", "src\Mediator.Net.Test\Mediator.Net.Test.csproj", "{BD539065-0DB3-425A-B941-2D23863AACCA}"
EndProject
Project("{FAE04EC0-301F-11D3-BF4B-00C04F79EFBC}") = "Mediator.Net.Autofac", "src\Mediator.Net.Autofac\Mediator.Net.Autofac.csproj", "{46673510-A868-47C6-8469-DC6A9F22EF00}"
EndProject
Project("{FAE04EC0-301F-11D3-BF4B-00C04F79EFBC}") = "Mediator.Net.Autofac.Test", "src\Mediator.Net.Autofac.Test\Mediator.Net.Autofac.Test.csproj", "{EE95512B-98E8-41DF-92FE-3BC0B1EFE493}"
EndProject
Project("{2150E333-8FDC-42A3-9474-1A3956D46DE8}") = "IoC", "IoC", "{9679C957-E490-4F90-9E5C-360B2C1B9A24}"
EndProject
Project("{2150E333-8FDC-42A3-9474-1A3956D46DE8}") = "Core", "Core", "{0096B862-187D-4FF8-9FD6-7DF491ADF2BE}"
EndProject
Project("{2150E333-8FDC-42A3-9474-1A3956D46DE8}") = "Test", "Test", "{9EF16702-297F-4E25-BF9C-E1E47065A444}"
EndProject
Global
	GlobalSection(SolutionConfigurationPlatforms) = preSolution
		Debug|Any CPU = Debug|Any CPU
		Release|Any CPU = Release|Any CPU
	EndGlobalSection
	GlobalSection(ProjectConfigurationPlatforms) = postSolution
		{86EE3C98-8FC5-42CA-B13D-A18E6A5FC30B}.Debug|Any CPU.ActiveCfg = Debug|Any CPU
		{86EE3C98-8FC5-42CA-B13D-A18E6A5FC30B}.Debug|Any CPU.Build.0 = Debug|Any CPU
		{86EE3C98-8FC5-42CA-B13D-A18E6A5FC30B}.Release|Any CPU.ActiveCfg = Release|Any CPU
		{86EE3C98-8FC5-42CA-B13D-A18E6A5FC30B}.Release|Any CPU.Build.0 = Release|Any CPU
		{BD539065-0DB3-425A-B941-2D23863AACCA}.Debug|Any CPU.ActiveCfg = Debug|Any CPU
		{BD539065-0DB3-425A-B941-2D23863AACCA}.Debug|Any CPU.Build.0 = Debug|Any CPU
		{BD539065-0DB3-425A-B941-2D23863AACCA}.Release|Any CPU.ActiveCfg = Release|Any CPU
		{BD539065-0DB3-425A-B941-2D23863AACCA}.Release|Any CPU.Build.0 = Release|Any CPU
		{46673510-A868-47C6-8469-DC6A9F22EF00}.Debug|Any CPU.ActiveCfg = Debug|Any CPU
		{46673510-A868-47C6-8469-DC6A9F22EF00}.Debug|Any CPU.Build.0 = Debug|Any CPU
		{46673510-A868-47C6-8469-DC6A9F22EF00}.Release|Any CPU.ActiveCfg = Release|Any CPU
		{46673510-A868-47C6-8469-DC6A9F22EF00}.Release|Any CPU.Build.0 = Release|Any CPU
		{EE95512B-98E8-41DF-92FE-3BC0B1EFE493}.Debug|Any CPU.ActiveCfg = Debug|Any CPU
		{EE95512B-98E8-41DF-92FE-3BC0B1EFE493}.Debug|Any CPU.Build.0 = Debug|Any CPU
		{EE95512B-98E8-41DF-92FE-3BC0B1EFE493}.Release|Any CPU.ActiveCfg = Release|Any CPU
		{EE95512B-98E8-41DF-92FE-3BC0B1EFE493}.Release|Any CPU.Build.0 = Release|Any CPU
	EndGlobalSection
	GlobalSection(SolutionProperties) = preSolution
		HideSolutionNode = FALSE
	EndGlobalSection
	GlobalSection(NestedProjects) = preSolution
		{86EE3C98-8FC5-42CA-B13D-A18E6A5FC30B} = {0096B862-187D-4FF8-9FD6-7DF491ADF2BE}
		{BD539065-0DB3-425A-B941-2D23863AACCA} = {9EF16702-297F-4E25-BF9C-E1E47065A444}
		{46673510-A868-47C6-8469-DC6A9F22EF00} = {9679C957-E490-4F90-9E5C-360B2C1B9A24}
		{EE95512B-98E8-41DF-92FE-3BC0B1EFE493} = {9679C957-E490-4F90-9E5C-360B2C1B9A24}
	EndGlobalSection
EndGlobal
